
Microsoft Visual Studio Solution File, Format Version 12.00
# Visual Studio Version 17
VisualStudioVersion = 17.14.36616.10 d17.14
MinimumVisualStudioVersion = 10.0.40219.1
Project("{FAE04EC0-301F-11D3-BF4B-00C04F79EFBC}") = "KantineApp", "KantineApp.csproj", "{475635A5-16F1-4111-8669-075EFAA0D4BA}"
EndProject
Global
	GlobalSection(SolutionConfigurationPlatforms) = preSolution
		Debug|Any CPU = Debug|Any CPU
		Release|Any CPU = Release|Any CPU
	EndGlobalSection
	GlobalSection(ProjectConfigurationPlatforms) = postSolution
		{475635A5-16F1-4111-8669-075EFAA0D4BA}.Debug|Any CPU.ActiveCfg = Debug|Any CPU
		{475635A5-16F1-4111-8669-075EFAA0D4BA}.Debug|Any CPU.Build.0 = Debug|Any CPU
		{475635A5-16F1-4111-8669-075EFAA0D4BA}.Release|Any CPU.ActiveCfg = Release|Any CPU
		{475635A5-16F1-4111-8669-075EFAA0D4BA}.Release|Any CPU.Build.0 = Release|Any CPU
	EndGlobalSection
	GlobalSection(SolutionProperties) = preSolution
		HideSolutionNode = FALSE
	EndGlobalSection
	GlobalSection(ExtensibilityGlobals) = postSolution
		SolutionGuid = {CDD50B74-8FC2-4D54-A4F2-84D911CC25D7}
	EndGlobalSection
EndGlobal
